
Microsoft Visual Studio Solution File, Format Version 12.00
# Visual Studio Version 17
VisualStudioVersion = 17.5.33516.290
MinimumVisualStudioVersion = 10.0.40219.1
Project("{FAE04EC0-301F-11D3-BF4B-00C04F79EFBC}") = "QuickSort", "QuickSort\QuickSort.csproj", "{52A998B4-65C1-4440-ACBD-6427803914DB}"
EndProject
Global
	GlobalSection(SolutionConfigurationPlatforms) = preSolution
		Debug|Any CPU = Debug|Any CPU
		Release|Any CPU = Release|Any CPU
	EndGlobalSection
	GlobalSection(ProjectConfigurationPlatforms) = postSolution
		{52A998B4-65C1-4440-ACBD-6427803914DB}.Debug|Any CPU.ActiveCfg = Debug|Any CPU
		{52A998B4-65C1-4440-ACBD-6427803914DB}.Debug|Any CPU.Build.0 = Debug|Any CPU
		{52A998B4-65C1-4440-ACBD-6427803914DB}.Release|Any CPU.ActiveCfg = Release|Any CPU
		{52A998B4-65C1-4440-ACBD-6427803914DB}.Release|Any CPU.Build.0 = Release|Any CPU
	EndGlobalSection
	GlobalSection(SolutionProperties) = preSolution
		HideSolutionNode = FALSE
	EndGlobalSection
	GlobalSection(ExtensibilityGlobals) = postSolution
		SolutionGuid = {D8C03505-48A6-43EF-AD64-AA11DA0E59CA}
	EndGlobalSection
EndGlobal
